
Microsoft Visual Studio Solution File, Format Version 12.00
# Visual Studio Version 16
VisualStudioVersion = 16.0.32106.194
MinimumVisualStudioVersion = 10.0.40219.1
Project("{FAE04EC0-301F-11D3-BF4B-00C04F79EFBC}") = "AbstractClassExcersice", "AbstractClassExcersice\AbstractClassExcersice.csproj", "{1F2D4E77-3F4D-4AFE-BAE9-A4343CF28802}"
EndProject
Global
	GlobalSection(SolutionConfigurationPlatforms) = preSolution
		Debug|Any CPU = Debug|Any CPU
		Release|Any CPU = Release|Any CPU
	EndGlobalSection
	GlobalSection(ProjectConfigurationPlatforms) = postSolution
		{1F2D4E77-3F4D-4AFE-BAE9-A4343CF28802}.Debug|Any CPU.ActiveCfg = Debug|Any CPU
		{1F2D4E77-3F4D-4AFE-BAE9-A4343CF28802}.Debug|Any CPU.Build.0 = Debug|Any CPU
		{1F2D4E77-3F4D-4AFE-BAE9-A4343CF28802}.Release|Any CPU.ActiveCfg = Release|Any CPU
		{1F2D4E77-3F4D-4AFE-BAE9-A4343CF28802}.Release|Any CPU.Build.0 = Release|Any CPU
	EndGlobalSection
	GlobalSection(SolutionProperties) = preSolution
		HideSolutionNode = FALSE
	EndGlobalSection
	GlobalSection(ExtensibilityGlobals) = postSolution
		SolutionGuid = {1931DE80-501C-4916-8F59-6CB1D29B0026}
	EndGlobalSection
EndGlobal
