
Microsoft Visual Studio Solution File, Format Version 12.00
# Visual Studio Version 16
VisualStudioVersion = 16.0.29519.87
MinimumVisualStudioVersion = 10.0.40219.1
Project("{FAE04EC0-301F-11D3-BF4B-00C04F79EFBC}") = "RecurrsionFactorialEg104", "RecurrsionFactorialEg104\RecurrsionFactorialEg104.csproj", "{8CA44657-D815-4AB2-8D75-B76ED9EE2AB6}"
EndProject
Global
	GlobalSection(SolutionConfigurationPlatforms) = preSolution
		Debug|Any CPU = Debug|Any CPU
		Release|Any CPU = Release|Any CPU
	EndGlobalSection
	GlobalSection(ProjectConfigurationPlatforms) = postSolution
		{8CA44657-D815-4AB2-8D75-B76ED9EE2AB6}.Debug|Any CPU.ActiveCfg = Debug|Any CPU
		{8CA44657-D815-4AB2-8D75-B76ED9EE2AB6}.Debug|Any CPU.Build.0 = Debug|Any CPU
		{8CA44657-D815-4AB2-8D75-B76ED9EE2AB6}.Release|Any CPU.ActiveCfg = Release|Any CPU
		{8CA44657-D815-4AB2-8D75-B76ED9EE2AB6}.Release|Any CPU.Build.0 = Release|Any CPU
	EndGlobalSection
	GlobalSection(SolutionProperties) = preSolution
		HideSolutionNode = FALSE
	EndGlobalSection
	GlobalSection(ExtensibilityGlobals) = postSolution
		SolutionGuid = {E115F17F-EE49-41C1-AB12-45C07FBE8CB1}
	EndGlobalSection
EndGlobal
