
Microsoft Visual Studio Solution File, Format Version 12.00
# Visual Studio Version 16
VisualStudioVersion = 16.0.32106.194
MinimumVisualStudioVersion = 10.0.40219.1
Project("{FAE04EC0-301F-11D3-BF4B-00C04F79EFBC}") = "EnumExample", "EnumExample\EnumExample.csproj", "{5E4962CD-91F5-4D14-9F5A-776A625F4E44}"
EndProject
Global
	GlobalSection(SolutionConfigurationPlatforms) = preSolution
		Debug|Any CPU = Debug|Any CPU
		Release|Any CPU = Release|Any CPU
	EndGlobalSection
	GlobalSection(ProjectConfigurationPlatforms) = postSolution
		{5E4962CD-91F5-4D14-9F5A-776A625F4E44}.Debug|Any CPU.ActiveCfg = Debug|Any CPU
		{5E4962CD-91F5-4D14-9F5A-776A625F4E44}.Debug|Any CPU.Build.0 = Debug|Any CPU
		{5E4962CD-91F5-4D14-9F5A-776A625F4E44}.Release|Any CPU.ActiveCfg = Release|Any CPU
		{5E4962CD-91F5-4D14-9F5A-776A625F4E44}.Release|Any CPU.Build.0 = Release|Any CPU
	EndGlobalSection
	GlobalSection(SolutionProperties) = preSolution
		HideSolutionNode = FALSE
	EndGlobalSection
	GlobalSection(ExtensibilityGlobals) = postSolution
		SolutionGuid = {08EBC21D-E136-4634-AB49-9848CCA4FE34}
	EndGlobalSection
EndGlobal
