
Microsoft Visual Studio Solution File, Format Version 12.00
# Visual Studio Version 16
VisualStudioVersion = 16.0.32126.315
MinimumVisualStudioVersion = 10.0.40219.1
Project("{FAE04EC0-301F-11D3-BF4B-00C04F79EFBC}") = "GenericExample", "GenericExample\GenericExample.csproj", "{840946FD-5EFD-4ED5-A857-A6A38D57E4F7}"
EndProject
Global
	GlobalSection(SolutionConfigurationPlatforms) = preSolution
		Debug|Any CPU = Debug|Any CPU
		Release|Any CPU = Release|Any CPU
	EndGlobalSection
	GlobalSection(ProjectConfigurationPlatforms) = postSolution
		{840946FD-5EFD-4ED5-A857-A6A38D57E4F7}.Debug|Any CPU.ActiveCfg = Debug|Any CPU
		{840946FD-5EFD-4ED5-A857-A6A38D57E4F7}.Debug|Any CPU.Build.0 = Debug|Any CPU
		{840946FD-5EFD-4ED5-A857-A6A38D57E4F7}.Release|Any CPU.ActiveCfg = Release|Any CPU
		{840946FD-5EFD-4ED5-A857-A6A38D57E4F7}.Release|Any CPU.Build.0 = Release|Any CPU
	EndGlobalSection
	GlobalSection(SolutionProperties) = preSolution
		HideSolutionNode = FALSE
	EndGlobalSection
	GlobalSection(ExtensibilityGlobals) = postSolution
		SolutionGuid = {6CC8F183-B8C7-4186-80C0-2CA01B207057}
	EndGlobalSection
EndGlobal
