
Microsoft Visual Studio Solution File, Format Version 12.00
# Visual Studio Version 16
VisualStudioVersion = 16.0.31410.357
MinimumVisualStudioVersion = 10.0.40219.1
Project("{9A19103F-16F7-4668-BE54-9A1E7A4F7556}") = "SimpleTraderApp.Domain", "SimpleTraderApp.Domain\SimpleTraderApp.Domain.csproj", "{713B066F-FDC0-4783-8C36-EB38B667A3A0}"
EndProject
Project("{9A19103F-16F7-4668-BE54-9A1E7A4F7556}") = "SimpleTraderApp.EFCore", "SimpleTraderApp.EFCore\SimpleTraderApp.EFCore.csproj", "{B9F015D4-1083-40F9-A259-D76199B1AC7C}"
EndProject
Project("{9A19103F-16F7-4668-BE54-9A1E7A4F7556}") = "SimpleTraderConsoleTest", "SimpleTraderConsoleTest\SimpleTraderConsoleTest.csproj", "{368164AB-F029-4F29-AA7C-72BE89F7121A}"
EndProject
Project("{9A19103F-16F7-4668-BE54-9A1E7A4F7556}") = "SimpleTraderApp.WPF", "SimpleTraderApp.WPF\SimpleTraderApp.WPF.csproj", "{7A5D88C9-B2C8-4EDD-A13F-EF7F2F393D56}"
EndProject
Project("{FAE04EC0-301F-11D3-BF4B-00C04F79EFBC}") = "SimpleTraderApp.FMPrepAPI", "SimpleTraderApp.FMPrepAPI\SimpleTraderApp.FMPrepAPI.csproj", "{62A66DEF-6A0A-4B6C-959C-AEFB03413FD3}"
EndProject
Global
	GlobalSection(SolutionConfigurationPlatforms) = preSolution
		Debug|Any CPU = Debug|Any CPU
		Release|Any CPU = Release|Any CPU
	EndGlobalSection
	GlobalSection(ProjectConfigurationPlatforms) = postSolution
		{713B066F-FDC0-4783-8C36-EB38B667A3A0}.Debug|Any CPU.ActiveCfg = Debug|Any CPU
		{713B066F-FDC0-4783-8C36-EB38B667A3A0}.Debug|Any CPU.Build.0 = Debug|Any CPU
		{713B066F-FDC0-4783-8C36-EB38B667A3A0}.Release|Any CPU.ActiveCfg = Release|Any CPU
		{713B066F-FDC0-4783-8C36-EB38B667A3A0}.Release|Any CPU.Build.0 = Release|Any CPU
		{B9F015D4-1083-40F9-A259-D76199B1AC7C}.Debug|Any CPU.ActiveCfg = Debug|Any CPU
		{B9F015D4-1083-40F9-A259-D76199B1AC7C}.Debug|Any CPU.Build.0 = Debug|Any CPU
		{B9F015D4-1083-40F9-A259-D76199B1AC7C}.Release|Any CPU.ActiveCfg = Release|Any CPU
		{B9F015D4-1083-40F9-A259-D76199B1AC7C}.Release|Any CPU.Build.0 = Release|Any CPU
		{368164AB-F029-4F29-AA7C-72BE89F7121A}.Debug|Any CPU.ActiveCfg = Debug|Any CPU
		{368164AB-F029-4F29-AA7C-72BE89F7121A}.Debug|Any CPU.Build.0 = Debug|Any CPU
		{368164AB-F029-4F29-AA7C-72BE89F7121A}.Release|Any CPU.ActiveCfg = Release|Any CPU
		{368164AB-F029-4F29-AA7C-72BE89F7121A}.Release|Any CPU.Build.0 = Release|Any CPU
		{7A5D88C9-B2C8-4EDD-A13F-EF7F2F393D56}.Debug|Any CPU.ActiveCfg = Debug|Any CPU
		{7A5D88C9-B2C8-4EDD-A13F-EF7F2F393D56}.Debug|Any CPU.Build.0 = Debug|Any CPU
		{7A5D88C9-B2C8-4EDD-A13F-EF7F2F393D56}.Release|Any CPU.ActiveCfg = Release|Any CPU
		{7A5D88C9-B2C8-4EDD-A13F-EF7F2F393D56}.Release|Any CPU.Build.0 = Release|Any CPU
		{62A66DEF-6A0A-4B6C-959C-AEFB03413FD3}.Debug|Any CPU.ActiveCfg = Debug|Any CPU
		{62A66DEF-6A0A-4B6C-959C-AEFB03413FD3}.Debug|Any CPU.Build.0 = Debug|Any CPU
		{62A66DEF-6A0A-4B6C-959C-AEFB03413FD3}.Release|Any CPU.ActiveCfg = Release|Any CPU
		{62A66DEF-6A0A-4B6C-959C-AEFB03413FD3}.Release|Any CPU.Build.0 = Release|Any CPU
	EndGlobalSection
	GlobalSection(SolutionProperties) = preSolution
		HideSolutionNode = FALSE
	EndGlobalSection
	GlobalSection(ExtensibilityGlobals) = postSolution
		SolutionGuid = {EB9CD7BF-3E85-4EB7-96D7-BD3E3FE7D030}
	EndGlobalSection
EndGlobal
