
Microsoft Visual Studio Solution File, Format Version 12.00
# Visual Studio Version 16
VisualStudioVersion = 16.0.32106.194
MinimumVisualStudioVersion = 10.0.40219.1
Project("{FAE04EC0-301F-11D3-BF4B-00C04F79EFBC}") = "OverLoadingMethod", "OverLoadingMethod\OverLoadingMethod.csproj", "{31F5F546-D0CD-4C40-9760-89B7760561A8}"
EndProject
Global
	GlobalSection(SolutionConfigurationPlatforms) = preSolution
		Debug|Any CPU = Debug|Any CPU
		Release|Any CPU = Release|Any CPU
	EndGlobalSection
	GlobalSection(ProjectConfigurationPlatforms) = postSolution
		{31F5F546-D0CD-4C40-9760-89B7760561A8}.Debug|Any CPU.ActiveCfg = Debug|Any CPU
		{31F5F546-D0CD-4C40-9760-89B7760561A8}.Debug|Any CPU.Build.0 = Debug|Any CPU
		{31F5F546-D0CD-4C40-9760-89B7760561A8}.Release|Any CPU.ActiveCfg = Release|Any CPU
		{31F5F546-D0CD-4C40-9760-89B7760561A8}.Release|Any CPU.Build.0 = Release|Any CPU
	EndGlobalSection
	GlobalSection(SolutionProperties) = preSolution
		HideSolutionNode = FALSE
	EndGlobalSection
	GlobalSection(ExtensibilityGlobals) = postSolution
		SolutionGuid = {AF1F44B1-7A59-4FBF-978E-D7708CCEAE4B}
	EndGlobalSection
EndGlobal
