
Microsoft Visual Studio Solution File, Format Version 12.00
# Visual Studio Version 16
VisualStudioVersion = 16.0.32106.194
MinimumVisualStudioVersion = 10.0.40219.1
Project("{FAE04EC0-301F-11D3-BF4B-00C04F79EFBC}") = "StructExample", "StructExample\StructExample.csproj", "{B6487A73-22EB-45CA-BF4B-2BA1F7343F83}"
EndProject
Global
	GlobalSection(SolutionConfigurationPlatforms) = preSolution
		Debug|Any CPU = Debug|Any CPU
		Release|Any CPU = Release|Any CPU
	EndGlobalSection
	GlobalSection(ProjectConfigurationPlatforms) = postSolution
		{B6487A73-22EB-45CA-BF4B-2BA1F7343F83}.Debug|Any CPU.ActiveCfg = Debug|Any CPU
		{B6487A73-22EB-45CA-BF4B-2BA1F7343F83}.Debug|Any CPU.Build.0 = Debug|Any CPU
		{B6487A73-22EB-45CA-BF4B-2BA1F7343F83}.Release|Any CPU.ActiveCfg = Release|Any CPU
		{B6487A73-22EB-45CA-BF4B-2BA1F7343F83}.Release|Any CPU.Build.0 = Release|Any CPU
	EndGlobalSection
	GlobalSection(SolutionProperties) = preSolution
		HideSolutionNode = FALSE
	EndGlobalSection
	GlobalSection(ExtensibilityGlobals) = postSolution
		SolutionGuid = {C58632D4-3858-4BB8-A89E-339668FF7FE1}
	EndGlobalSection
EndGlobal
