
Microsoft Visual Studio Solution File, Format Version 12.00
# Visual Studio Version 16
VisualStudioVersion = 16.0.32228.343
MinimumVisualStudioVersion = 10.0.40219.1
Project("{9A19103F-16F7-4668-BE54-9A1E7A4F7556}") = "AuthBasicsV1", "AuthBasicsV1\AuthBasicsV1.csproj", "{0ABF9C6B-AA50-40A1-B1D3-F2D147E1E29E}"
EndProject
Project("{FAE04EC0-301F-11D3-BF4B-00C04F79EFBC}") = "IdentityExampleV1", "IdentityExampleV1\IdentityExampleV1.csproj", "{AA62249D-55EB-4C4E-B134-8EAB81B2580F}"
EndProject
Global
	GlobalSection(SolutionConfigurationPlatforms) = preSolution
		Debug|Any CPU = Debug|Any CPU
		Release|Any CPU = Release|Any CPU
	EndGlobalSection
	GlobalSection(ProjectConfigurationPlatforms) = postSolution
		{0ABF9C6B-AA50-40A1-B1D3-F2D147E1E29E}.Debug|Any CPU.ActiveCfg = Debug|Any CPU
		{0ABF9C6B-AA50-40A1-B1D3-F2D147E1E29E}.Debug|Any CPU.Build.0 = Debug|Any CPU
		{0ABF9C6B-AA50-40A1-B1D3-F2D147E1E29E}.Release|Any CPU.ActiveCfg = Release|Any CPU
		{0ABF9C6B-AA50-40A1-B1D3-F2D147E1E29E}.Release|Any CPU.Build.0 = Release|Any CPU
		{AA62249D-55EB-4C4E-B134-8EAB81B2580F}.Debug|Any CPU.ActiveCfg = Debug|Any CPU
		{AA62249D-55EB-4C4E-B134-8EAB81B2580F}.Debug|Any CPU.Build.0 = Debug|Any CPU
		{AA62249D-55EB-4C4E-B134-8EAB81B2580F}.Release|Any CPU.ActiveCfg = Release|Any CPU
		{AA62249D-55EB-4C4E-B134-8EAB81B2580F}.Release|Any CPU.Build.0 = Release|Any CPU
	EndGlobalSection
	GlobalSection(SolutionProperties) = preSolution
		HideSolutionNode = FALSE
	EndGlobalSection
	GlobalSection(ExtensibilityGlobals) = postSolution
		SolutionGuid = {06A9195C-ED84-455C-9538-BA0515368323}
	EndGlobalSection
EndGlobal
