
Microsoft Visual Studio Solution File, Format Version 12.00
# Visual Studio Version 16
VisualStudioVersion = 16.0.32106.194
MinimumVisualStudioVersion = 10.0.40219.1
Project("{FAE04EC0-301F-11D3-BF4B-00C04F79EFBC}") = "DelegateExample", "DelegateExample\DelegateExample.csproj", "{AE9F496C-A359-4233-94ED-2985F0CC4C64}"
EndProject
Global
	GlobalSection(SolutionConfigurationPlatforms) = preSolution
		Debug|Any CPU = Debug|Any CPU
		Release|Any CPU = Release|Any CPU
	EndGlobalSection
	GlobalSection(ProjectConfigurationPlatforms) = postSolution
		{AE9F496C-A359-4233-94ED-2985F0CC4C64}.Debug|Any CPU.ActiveCfg = Debug|Any CPU
		{AE9F496C-A359-4233-94ED-2985F0CC4C64}.Debug|Any CPU.Build.0 = Debug|Any CPU
		{AE9F496C-A359-4233-94ED-2985F0CC4C64}.Release|Any CPU.ActiveCfg = Release|Any CPU
		{AE9F496C-A359-4233-94ED-2985F0CC4C64}.Release|Any CPU.Build.0 = Release|Any CPU
	EndGlobalSection
	GlobalSection(SolutionProperties) = preSolution
		HideSolutionNode = FALSE
	EndGlobalSection
	GlobalSection(ExtensibilityGlobals) = postSolution
		SolutionGuid = {F91E8FC5-D5A7-4186-8AD2-B08CAF2AFBC4}
	EndGlobalSection
EndGlobal
