
Microsoft Visual Studio Solution File, Format Version 12.00
# Visual Studio Version 17
VisualStudioVersion = 17.0.31611.283
MinimumVisualStudioVersion = 10.0.40219.1
Project("{9A19103F-16F7-4668-BE54-9A1E7A4F7556}") = "YTwitchPlayer", "YTwitchPlayer\YTwitchPlayer.csproj", "{B685DB95-59E4-4CA2-ABFE-34662D6B82D6}"
EndProject
Project("{9A19103F-16F7-4668-BE54-9A1E7A4F7556}") = "MAUIApp.Framework", "MAUI.Framework\MAUIApp.Framework.csproj", "{CCF0843C-10F4-4F85-8F44-97387A15366A}"
EndProject
Project("{9A19103F-16F7-4668-BE54-9A1E7A4F7556}") = "Maui.Controls.BottomSheet", "Maui.Controls.BottomSheet\Maui.Controls.BottomSheet.csproj", "{C65E7BDC-0F53-41D5-AAE3-9158EC80FE54}"
EndProject
Global
	GlobalSection(SolutionConfigurationPlatforms) = preSolution
		Debug|Any CPU = Debug|Any CPU
		Release|Any CPU = Release|Any CPU
	EndGlobalSection
	GlobalSection(ProjectConfigurationPlatforms) = postSolution
		{B685DB95-59E4-4CA2-ABFE-34662D6B82D6}.Debug|Any CPU.ActiveCfg = Debug|Any CPU
		{B685DB95-59E4-4CA2-ABFE-34662D6B82D6}.Debug|Any CPU.Build.0 = Debug|Any CPU
		{B685DB95-59E4-4CA2-ABFE-34662D6B82D6}.Debug|Any CPU.Deploy.0 = Debug|Any CPU
		{B685DB95-59E4-4CA2-ABFE-34662D6B82D6}.Release|Any CPU.ActiveCfg = Release|Any CPU
		{B685DB95-59E4-4CA2-ABFE-34662D6B82D6}.Release|Any CPU.Build.0 = Release|Any CPU
		{B685DB95-59E4-4CA2-ABFE-34662D6B82D6}.Release|Any CPU.Deploy.0 = Release|Any CPU
		{CCF0843C-10F4-4F85-8F44-97387A15366A}.Debug|Any CPU.ActiveCfg = Debug|Any CPU
		{CCF0843C-10F4-4F85-8F44-97387A15366A}.Debug|Any CPU.Build.0 = Debug|Any CPU
		{CCF0843C-10F4-4F85-8F44-97387A15366A}.Release|Any CPU.ActiveCfg = Release|Any CPU
		{CCF0843C-10F4-4F85-8F44-97387A15366A}.Release|Any CPU.Build.0 = Release|Any CPU
		{C65E7BDC-0F53-41D5-AAE3-9158EC80FE54}.Debug|Any CPU.ActiveCfg = Debug|Any CPU
		{C65E7BDC-0F53-41D5-AAE3-9158EC80FE54}.Debug|Any CPU.Build.0 = Debug|Any CPU
		{C65E7BDC-0F53-41D5-AAE3-9158EC80FE54}.Release|Any CPU.ActiveCfg = Release|Any CPU
		{C65E7BDC-0F53-41D5-AAE3-9158EC80FE54}.Release|Any CPU.Build.0 = Release|Any CPU
	EndGlobalSection
	GlobalSection(SolutionProperties) = preSolution
		HideSolutionNode = FALSE
	EndGlobalSection
	GlobalSection(ExtensibilityGlobals) = postSolution
		SolutionGuid = {61F7FB11-1E47-470C-91E2-47F8143E1572}
	EndGlobalSection
EndGlobal
